<?xml version="1.0" encoding="utf-8"?>
<Project ToolsVersion="4.0" xmlns="http://schemas.microsoft.com/developer/msbuild/2003">
  <ItemGroup>
    <Filter Include="DirectX12">
      <UniqueIdentifier>{d332fe3c-9bf1-4968-9529-d6fb21cbb9ba}</UniqueIdentifier>
    </Filter>
    <Filter Include="Toolbox">
      <UniqueIdentifier>{9812075a-74e3-4b41-8b37-b5213552024b}</UniqueIdentifier>
    </Filter>
    <Filter Include="Shaders">
      <UniqueIdentifier>{314dd21c-bd67-4935-92e3-4a64ebe38aab}</UniqueIdentifier>
    </Filter>
    <Filter Include="SculptMesh">
      <UniqueIdentifier>{27abc333-e1a8-41d9-bb68-4c11b1b2886b}</UniqueIdentifier>
    </Filter>
    <Filter Include="Utils">
      <UniqueIdentifier>{19bc4600-8a39-436e-9f56-84b009f9c01f}</UniqueIdentifier>
    </Filter>
    <Filter Include="Precompiled Headers">
      <UniqueIdentifier>{d12ae312-4387-4caa-8c40-72c8d7bbd42f}</UniqueIdentifier>
    </Filter>
    <Filter Include="App">
      <UniqueIdentifier>{ac410834-9f35-4781-acaf-668ca87c9ff0}</UniqueIdentifier>
    </Filter>
    <Filter Include="DirectX12\Context">
      <UniqueIdentifier>{44c46df1-8152-41a0-94c2-803bedf6ec65}</UniqueIdentifier>
    </Filter>
    <Filter Include="DirectX12\Shader">
      <UniqueIdentifier>{0559d5c1-3d2c-4e80-b922-f1cba25fdbeb}</UniqueIdentifier>
    </Filter>
    <Filter Include="DirectX12\Resource">
      <UniqueIdentifier>{699bab4c-231b-406f-8802-1ef3cc309821}</UniqueIdentifier>
    </Filter>
    <Filter Include="DirectX12\Resource\Texture">
      <UniqueIdentifier>{bf72d045-76c9-4507-97a6-b3505595a127}</UniqueIdentifier>
    </Filter>
    <Filter Include="DirectX12\Resource\Buffer">
      <UniqueIdentifier>{438dcca0-21b4-499b-bc33-f7e7a07e38ac}</UniqueIdentifier>
    </Filter>
    <Filter Include="Renderer">
      <UniqueIdentifier>{ee9f0567-97ff-4407-86f4-c09f77d5eb60}</UniqueIdentifier>
    </Filter>
    <Filter Include="DirectX12\Descriptors">
      <UniqueIdentifier>{8f11b4a1-5c5f-4645-b780-1190a4f6f4dc}</UniqueIdentifier>
    </Filter>
  </ItemGroup>
  <ItemGroup>
    <ClInclude Include="DLL Exports\DLL_Exports.hpp" />
    <ClInclude Include="Sculpt Mesh\SculptMesh.hpp">
      <Filter>SculptMesh</Filter>
    </ClInclude>
    <ClInclude Include="ButchersToolbox\SparseVector.hpp">
      <Filter>Toolbox</Filter>
    </ClInclude>
    <ClInclude Include="Math\Geometry.hpp">
      <Filter>Utils</Filter>
    </ClInclude>
    <ClInclude Include="pch.hpp">
      <Filter>Precompiled Headers</Filter>
    </ClInclude>
    <ClInclude Include="App\App.hpp">
      <Filter>App</Filter>
    </ClInclude>
    <ClInclude Include="Shaders\GPU_ShaderTypes.hpp">
      <Filter>Shaders</Filter>
    </ClInclude>
    <ClInclude Include="Renderer\Renderer.hpp">
      <Filter>Renderer</Filter>
    </ClInclude>
    <ClInclude Include="CommonTypes.hpp" />
    <ClInclude Include="Sculpt Mesh\InstanceTypes.hpp" />
    <ClInclude Include="ButchersToolbox\DebugUtils.hpp" />
  </ItemGroup>
  <ItemGroup>
    <ClCompile Include="DLL Exports\DLL_Exports.cpp" />
    <ClCompile Include="dllmain.cpp" />
    <ClCompile Include="Math\Geometry.cpp">
      <Filter>Utils</Filter>
    </ClCompile>
    <ClCompile Include="Sculpt Mesh\Primitives.cpp">
      <Filter>SculptMesh</Filter>
    </ClCompile>
    <ClCompile Include="Sculpt Mesh\VertexOperations.cpp">
      <Filter>SculptMesh</Filter>
    </ClCompile>
    <ClCompile Include="Sculpt Mesh\EdgeOperations.cpp">
      <Filter>SculptMesh</Filter>
    </ClCompile>
    <ClCompile Include="Sculpt Mesh\PolyOperations.cpp">
      <Filter>SculptMesh</Filter>
    </ClCompile>
    <ClCompile Include="Sculpt Mesh\MeshUpdate.cpp">
      <Filter>SculptMesh</Filter>
    </ClCompile>
    <ClCompile Include="Sculpt Mesh\LowLevelPrimitiveOperations.cpp">
      <Filter>SculptMesh</Filter>
    </ClCompile>
    <ClCompile Include="Sculpt Mesh\LowLevelPolyOperations.cpp">
      <Filter>SculptMesh</Filter>
    </ClCompile>
    <ClCompile Include="pch.cpp">
      <Filter>Precompiled Headers</Filter>
    </ClCompile>
    <ClCompile Include="App\AppSyncMethods.cpp">
      <Filter>App</Filter>
    </ClCompile>
    <ClCompile Include="Sculpt Mesh\MeshCreation.cpp">
      <Filter>SculptMesh</Filter>
    </ClCompile>
    <ClCompile Include="Shaders\GPU_ShaderTYpes.cpp">
      <Filter>Shaders</Filter>
    </ClCompile>
    <ClCompile Include="Renderer\Renderer.cpp">
      <Filter>Renderer</Filter>
    </ClCompile>
    <ClCompile Include="App\App.cpp" />
    <ClCompile Include="Renderer\GenerateGPU_Data.cpp" />
    <ClCompile Include="Sculpt Mesh\MeshUpdates.cpp" />
    <ClCompile Include="Sculpt Mesh\InstanceOperations.cpp" />
    <ClCompile Include="App\Camera.cpp" />
    <ClCompile Include="App\Instance.cpp" />
  </ItemGroup>
  <ItemGroup>
    <None Include="packages.config" />
    <None Include="Shaders\Math.hlsli" />
    <None Include="Shaders\SpatialMath.hlsli" />
    <None Include="Shaders\Shaders.code-workspace" />
    <None Include="Shaders\CommonTypes.hlsli" />
    <None Include="Shaders\ColorMath.hlsli" />
    <None Include="Shaders\compute.hlsl" />
    <None Include="Shaders\FullScreenVS.hlsl" />
    <None Include="Shaders\InstanceUpdate.hlsl" />
    <None Include="Shaders\IndexUpdate.hlsl" />
    <None Include="Shaders\pixel.hlsl" />
    <None Include="Shaders\vertex.hlsl">
      <Filter>Shaders</Filter>
    </None>
  </ItemGroup>
</Project>