<?xml version="1.0" encoding="utf-8"?>
<Project ToolsVersion="4.0" xmlns="http://schemas.microsoft.com/developer/msbuild/2003">
  <ItemGroup>
    <Filter Include="DirectX12">
      <UniqueIdentifier>{d332fe3c-9bf1-4968-9529-d6fb21cbb9ba}</UniqueIdentifier>
    </Filter>
    <Filter Include="Toolbox">
      <UniqueIdentifier>{9812075a-74e3-4b41-8b37-b5213552024b}</UniqueIdentifier>
    </Filter>
    <Filter Include="Shaders">
      <UniqueIdentifier>{314dd21c-bd67-4935-92e3-4a64ebe38aab}</UniqueIdentifier>
    </Filter>
    <Filter Include="SculptMesh">
      <UniqueIdentifier>{27abc333-e1a8-41d9-bb68-4c11b1b2886b}</UniqueIdentifier>
    </Filter>
    <Filter Include="Utils">
      <UniqueIdentifier>{19bc4600-8a39-436e-9f56-84b009f9c01f}</UniqueIdentifier>
    </Filter>
    <Filter Include="Precompiled Headers">
      <UniqueIdentifier>{d12ae312-4387-4caa-8c40-72c8d7bbd42f}</UniqueIdentifier>
    </Filter>
    <Filter Include="App">
      <UniqueIdentifier>{ac410834-9f35-4781-acaf-668ca87c9ff0}</UniqueIdentifier>
    </Filter>
  </ItemGroup>
  <ItemGroup>
    <ClInclude Include="Interface.hpp" />
    <ClInclude Include="ButchersToolbox\Filesys\Filesys.hpp">
      <Filter>Toolbox</Filter>
    </ClInclude>
    <ClInclude Include="ButchersToolbox\Windows\WindowsSpecific.hpp">
      <Filter>Toolbox</Filter>
    </ClInclude>
    <ClInclude Include="DX12.hpp">
      <Filter>DirectX12</Filter>
    </ClInclude>
    <ClInclude Include="SculptMesh.hpp">
      <Filter>SculptMesh</Filter>
    </ClInclude>
    <ClInclude Include="ButchersToolbox\SparseVector.hpp">
      <Filter>Toolbox</Filter>
    </ClInclude>
    <ClInclude Include="Geometry.hpp">
      <Filter>Utils</Filter>
    </ClInclude>
    <ClInclude Include="pch.hpp">
      <Filter>Precompiled Headers</Filter>
    </ClInclude>
    <ClInclude Include="App.hpp">
      <Filter>App</Filter>
    </ClInclude>
    <ClInclude Include="StorageBuffer.hpp">
      <Filter>DirectX12</Filter>
    </ClInclude>
    <ClInclude Include="GPU_ShaderTypes.hpp">
      <Filter>Shaders</Filter>
    </ClInclude>
  </ItemGroup>
  <ItemGroup>
    <ClCompile Include="Interface.cpp" />
    <ClCompile Include="ButchersToolbox\Filesys\Filesys.cpp">
      <Filter>Toolbox</Filter>
    </ClCompile>
    <ClCompile Include="ButchersToolbox\Windows\WindowsSpecific.cpp">
      <Filter>Toolbox</Filter>
    </ClCompile>
    <ClCompile Include="DX12.cpp">
      <Filter>DirectX12</Filter>
    </ClCompile>
    <ClCompile Include="Window.cpp">
      <Filter>DirectX12</Filter>
    </ClCompile>
    <ClCompile Include="PIX_Debugger.cpp">
      <Filter>DirectX12</Filter>
    </ClCompile>
    <ClCompile Include="main.cpp" />
    <ClCompile Include="Shader.cpp">
      <Filter>DirectX12</Filter>
    </ClCompile>
    <ClCompile Include="Texture.cpp">
      <Filter>DirectX12</Filter>
    </ClCompile>
    <ClCompile Include="DescriptorHeap.cpp">
      <Filter>DirectX12</Filter>
    </ClCompile>
    <ClCompile Include="Geometry.cpp">
      <Filter>Utils</Filter>
    </ClCompile>
    <ClCompile Include="Primitives.cpp">
      <Filter>SculptMesh</Filter>
    </ClCompile>
    <ClCompile Include="VertexOperations.cpp">
      <Filter>SculptMesh</Filter>
    </ClCompile>
    <ClCompile Include="EdgeOperations.cpp">
      <Filter>SculptMesh</Filter>
    </ClCompile>
    <ClCompile Include="PolyOperations.cpp">
      <Filter>SculptMesh</Filter>
    </ClCompile>
    <ClCompile Include="MeshUpdate.cpp">
      <Filter>SculptMesh</Filter>
    </ClCompile>
    <ClCompile Include="LowLevelPrimitiveOperations.cpp">
      <Filter>SculptMesh</Filter>
    </ClCompile>
    <ClCompile Include="LowLevelPolyOperations.cpp">
      <Filter>SculptMesh</Filter>
    </ClCompile>
    <ClCompile Include="pch.cpp">
      <Filter>Precompiled Headers</Filter>
    </ClCompile>
    <ClCompile Include="App.cpp">
      <Filter>App</Filter>
    </ClCompile>
    <ClCompile Include="MeshCreation.cpp">
      <Filter>SculptMesh</Filter>
    </ClCompile>
    <ClCompile Include="StorageBuffer.cpp">
      <Filter>DirectX12</Filter>
    </ClCompile>
    <ClCompile Include="GPU_ShaderTYpes.cpp">
      <Filter>Shaders</Filter>
    </ClCompile>
  </ItemGroup>
  <ItemGroup>
    <None Include="packages.config" />
  </ItemGroup>
  <ItemGroup>
    <FxCompile Include="shader.hlsl">
      <Filter>Shaders</Filter>
    </FxCompile>
  </ItemGroup>
</Project>